
Microsoft Visual Studio Solution File, Format Version 12.00
# Visual Studio 15
VisualStudioVersion = 15.0.28307.1758
MinimumVisualStudioVersion = 10.0.40219.1
Project("{FAE04EC0-301F-11D3-BF4B-00C04F79EFBC}") = "Paradise_Trainer", "Paradise_Trainer\Paradise_Trainer.csproj", "{EC7B8D41-B581-447B-AE6F-DB05C57F3CF1}"
EndProject
Global
	GlobalSection(SolutionConfigurationPlatforms) = preSolution
		Debug|Any CPU = Debug|Any CPU
		Release|Any CPU = Release|Any CPU
	EndGlobalSection
	GlobalSection(ProjectConfigurationPlatforms) = postSolution
		{EC7B8D41-B581-447B-AE6F-DB05C57F3CF1}.Debug|Any CPU.ActiveCfg = Debug|Any CPU
		{EC7B8D41-B581-447B-AE6F-DB05C57F3CF1}.Debug|Any CPU.Build.0 = Debug|Any CPU
		{EC7B8D41-B581-447B-AE6F-DB05C57F3CF1}.Release|Any CPU.ActiveCfg = Release|Any CPU
		{EC7B8D41-B581-447B-AE6F-DB05C57F3CF1}.Release|Any CPU.Build.0 = Release|Any CPU
	EndGlobalSection
	GlobalSection(SolutionProperties) = preSolution
		HideSolutionNode = FALSE
	EndGlobalSection
	GlobalSection(ExtensibilityGlobals) = postSolution
		SolutionGuid = {9595DACA-0C51-4386-95A4-86FAE53204A2}
	EndGlobalSection
EndGlobal
